
Microsoft Visual Studio Solution File, Format Version 12.00
# Visual Studio Version 16
VisualStudioVersion = 16.0.30717.126
MinimumVisualStudioVersion = 10.0.40219.1
Project("{2150E333-8FDC-42A3-9474-1A3956D46DE8}") = "KRFTemplateApi_src", "KRFTemplateApi_src", "{6AF8D70C-D21F-4DA0-BF8B-BA13F5294F70}"
EndProject
Project("{FAE04EC0-301F-11D3-BF4B-00C04F79EFBC}") = "Domain", "KRFTemplateApi_src\Domain\Domain.csproj", "{E6F79971-EE1A-4311-864C-6CE9A785193E}"
EndProject
Project("{FAE04EC0-301F-11D3-BF4B-00C04F79EFBC}") = "Infrastructure", "KRFTemplateApi_src\Infrastructure\Infrastructure.csproj", "{678E4566-FFA3-4955-B565-7EE5D7614BC5}"
EndProject
Project("{FAE04EC0-301F-11D3-BF4B-00C04F79EFBC}") = "App", "KRFTemplateApi_src\App\App.csproj", "{A7B17FF3-52B3-40EF-A26C-39B8D03483BF}"
EndProject
Project("{FAE04EC0-301F-11D3-BF4B-00C04F79EFBC}") = "WebApi", "KRFTemplateApi_src\WebApi\WebApi.csproj", "{F6E9A89F-B2BB-4469-937A-89D0DEA49006}"
EndProject
Project("{2150E333-8FDC-42A3-9474-1A3956D46DE8}") = "KRFTemplateApi_Tests", "KRFTemplateApi_Tests", "{CC5FE309-8226-4E0E-A806-ECFDD7DB0D92}"
EndProject
Project("{FAE04EC0-301F-11D3-BF4B-00C04F79EFBC}") = "UnitTest", "KRFTemplateApi_Tests\UnitTest\UnitTest.csproj", "{DE0AEB0C-3BF2-4897-B673-009F09D25002}"
EndProject
Global
	GlobalSection(SolutionConfigurationPlatforms) = preSolution
		Debug|Any CPU = Debug|Any CPU
		Release|Any CPU = Release|Any CPU
	EndGlobalSection
	GlobalSection(ProjectConfigurationPlatforms) = postSolution
		{E6F79971-EE1A-4311-864C-6CE9A785193E}.Debug|Any CPU.ActiveCfg = Debug|Any CPU
		{E6F79971-EE1A-4311-864C-6CE9A785193E}.Debug|Any CPU.Build.0 = Debug|Any CPU
		{E6F79971-EE1A-4311-864C-6CE9A785193E}.Release|Any CPU.ActiveCfg = Release|Any CPU
		{E6F79971-EE1A-4311-864C-6CE9A785193E}.Release|Any CPU.Build.0 = Release|Any CPU
		{678E4566-FFA3-4955-B565-7EE5D7614BC5}.Debug|Any CPU.ActiveCfg = Debug|Any CPU
		{678E4566-FFA3-4955-B565-7EE5D7614BC5}.Debug|Any CPU.Build.0 = Debug|Any CPU
		{678E4566-FFA3-4955-B565-7EE5D7614BC5}.Release|Any CPU.ActiveCfg = Release|Any CPU
		{678E4566-FFA3-4955-B565-7EE5D7614BC5}.Release|Any CPU.Build.0 = Release|Any CPU
		{A7B17FF3-52B3-40EF-A26C-39B8D03483BF}.Debug|Any CPU.ActiveCfg = Debug|Any CPU
		{A7B17FF3-52B3-40EF-A26C-39B8D03483BF}.Debug|Any CPU.Build.0 = Debug|Any CPU
		{A7B17FF3-52B3-40EF-A26C-39B8D03483BF}.Release|Any CPU.ActiveCfg = Release|Any CPU
		{A7B17FF3-52B3-40EF-A26C-39B8D03483BF}.Release|Any CPU.Build.0 = Release|Any CPU
		{F6E9A89F-B2BB-4469-937A-89D0DEA49006}.Debug|Any CPU.ActiveCfg = Debug|Any CPU
		{F6E9A89F-B2BB-4469-937A-89D0DEA49006}.Debug|Any CPU.Build.0 = Debug|Any CPU
		{F6E9A89F-B2BB-4469-937A-89D0DEA49006}.Release|Any CPU.ActiveCfg = Release|Any CPU
		{F6E9A89F-B2BB-4469-937A-89D0DEA49006}.Release|Any CPU.Build.0 = Release|Any CPU
		{DE0AEB0C-3BF2-4897-B673-009F09D25002}.Debug|Any CPU.ActiveCfg = Debug|Any CPU
		{DE0AEB0C-3BF2-4897-B673-009F09D25002}.Debug|Any CPU.Build.0 = Debug|Any CPU
		{DE0AEB0C-3BF2-4897-B673-009F09D25002}.Release|Any CPU.ActiveCfg = Release|Any CPU
		{DE0AEB0C-3BF2-4897-B673-009F09D25002}.Release|Any CPU.Build.0 = Release|Any CPU
	EndGlobalSection
	GlobalSection(SolutionProperties) = preSolution
		HideSolutionNode = FALSE
	EndGlobalSection
	GlobalSection(NestedProjects) = preSolution
		{E6F79971-EE1A-4311-864C-6CE9A785193E} = {6AF8D70C-D21F-4DA0-BF8B-BA13F5294F70}
		{678E4566-FFA3-4955-B565-7EE5D7614BC5} = {6AF8D70C-D21F-4DA0-BF8B-BA13F5294F70}
		{A7B17FF3-52B3-40EF-A26C-39B8D03483BF} = {6AF8D70C-D21F-4DA0-BF8B-BA13F5294F70}
		{F6E9A89F-B2BB-4469-937A-89D0DEA49006} = {6AF8D70C-D21F-4DA0-BF8B-BA13F5294F70}
		{DE0AEB0C-3BF2-4897-B673-009F09D25002} = {CC5FE309-8226-4E0E-A806-ECFDD7DB0D92}
	EndGlobalSection
	GlobalSection(ExtensibilityGlobals) = postSolution
		SolutionGuid = {9B5D4870-7025-485F-8CD9-8ED42908D162}
	EndGlobalSection
EndGlobal
