
Microsoft Visual Studio Solution File, Format Version 12.00
# Visual Studio Version 16
VisualStudioVersion = 16.0.30717.126
MinimumVisualStudioVersion = 10.0.40219.1
Project("{2150E333-8FDC-42A3-9474-1A3956D46DE8}") = "KRFTemplateApi_src", "KRFTemplateApi_src", "{EC5A65AE-F187-46E3-99A7-CB665B2D91D6}"
EndProject
Project("{FAE04EC0-301F-11D3-BF4B-00C04F79EFBC}") = "Domain", "KRFTemplateApi_src\Domain\Domain.csproj", "{B3FA189A-4050-4FDA-BDBE-8CF64C13623A}"
EndProject
Project("{FAE04EC0-301F-11D3-BF4B-00C04F79EFBC}") = "Infrastructure", "KRFTemplateApi_src\Infrastructure\Infrastructure.csproj", "{9E23F58D-2C09-4D8F-BD20-DEE8D29C7434}"
EndProject
Project("{FAE04EC0-301F-11D3-BF4B-00C04F79EFBC}") = "App", "KRFTemplateApi_src\App\App.csproj", "{BDC808FD-FA86-4C66-87F0-7064BD2A15CB}"
EndProject
Project("{FAE04EC0-301F-11D3-BF4B-00C04F79EFBC}") = "WebApi", "KRFTemplateApi_src\WebApi\WebApi.csproj", "{16AC8A8B-471D-4F3D-BEF7-40EAA469DD74}"
EndProject
Project("{2150E333-8FDC-42A3-9474-1A3956D46DE8}") = "KRFTemplateApi_Tests", "KRFTemplateApi_Tests", "{38F94E9C-3E28-4131-BCFA-FDDF1CC91359}"
EndProject
Project("{FAE04EC0-301F-11D3-BF4B-00C04F79EFBC}") = "UnitTest", "KRFTemplateApi_Tests\UnitTest\UnitTest.csproj", "{D2878BE7-78BD-41B5-B13E-89D166F34CCF}"
EndProject
Global
	GlobalSection(SolutionConfigurationPlatforms) = preSolution
		Debug|Any CPU = Debug|Any CPU
		Release|Any CPU = Release|Any CPU
	EndGlobalSection
	GlobalSection(ProjectConfigurationPlatforms) = postSolution
		{B3FA189A-4050-4FDA-BDBE-8CF64C13623A}.Debug|Any CPU.ActiveCfg = Debug|Any CPU
		{B3FA189A-4050-4FDA-BDBE-8CF64C13623A}.Debug|Any CPU.Build.0 = Debug|Any CPU
		{B3FA189A-4050-4FDA-BDBE-8CF64C13623A}.Release|Any CPU.ActiveCfg = Release|Any CPU
		{B3FA189A-4050-4FDA-BDBE-8CF64C13623A}.Release|Any CPU.Build.0 = Release|Any CPU
		{9E23F58D-2C09-4D8F-BD20-DEE8D29C7434}.Debug|Any CPU.ActiveCfg = Debug|Any CPU
		{9E23F58D-2C09-4D8F-BD20-DEE8D29C7434}.Debug|Any CPU.Build.0 = Debug|Any CPU
		{9E23F58D-2C09-4D8F-BD20-DEE8D29C7434}.Release|Any CPU.ActiveCfg = Release|Any CPU
		{9E23F58D-2C09-4D8F-BD20-DEE8D29C7434}.Release|Any CPU.Build.0 = Release|Any CPU
		{BDC808FD-FA86-4C66-87F0-7064BD2A15CB}.Debug|Any CPU.ActiveCfg = Debug|Any CPU
		{BDC808FD-FA86-4C66-87F0-7064BD2A15CB}.Debug|Any CPU.Build.0 = Debug|Any CPU
		{BDC808FD-FA86-4C66-87F0-7064BD2A15CB}.Release|Any CPU.ActiveCfg = Release|Any CPU
		{BDC808FD-FA86-4C66-87F0-7064BD2A15CB}.Release|Any CPU.Build.0 = Release|Any CPU
		{16AC8A8B-471D-4F3D-BEF7-40EAA469DD74}.Debug|Any CPU.ActiveCfg = Debug|Any CPU
		{16AC8A8B-471D-4F3D-BEF7-40EAA469DD74}.Debug|Any CPU.Build.0 = Debug|Any CPU
		{16AC8A8B-471D-4F3D-BEF7-40EAA469DD74}.Release|Any CPU.ActiveCfg = Release|Any CPU
		{16AC8A8B-471D-4F3D-BEF7-40EAA469DD74}.Release|Any CPU.Build.0 = Release|Any CPU
		{D2878BE7-78BD-41B5-B13E-89D166F34CCF}.Debug|Any CPU.ActiveCfg = Debug|Any CPU
		{D2878BE7-78BD-41B5-B13E-89D166F34CCF}.Debug|Any CPU.Build.0 = Debug|Any CPU
		{D2878BE7-78BD-41B5-B13E-89D166F34CCF}.Release|Any CPU.ActiveCfg = Release|Any CPU
		{D2878BE7-78BD-41B5-B13E-89D166F34CCF}.Release|Any CPU.Build.0 = Release|Any CPU
	EndGlobalSection
	GlobalSection(SolutionProperties) = preSolution
		HideSolutionNode = FALSE
	EndGlobalSection
	GlobalSection(NestedProjects) = preSolution
		{B3FA189A-4050-4FDA-BDBE-8CF64C13623A} = {EC5A65AE-F187-46E3-99A7-CB665B2D91D6}
		{9E23F58D-2C09-4D8F-BD20-DEE8D29C7434} = {EC5A65AE-F187-46E3-99A7-CB665B2D91D6}
		{BDC808FD-FA86-4C66-87F0-7064BD2A15CB} = {EC5A65AE-F187-46E3-99A7-CB665B2D91D6}
		{16AC8A8B-471D-4F3D-BEF7-40EAA469DD74} = {EC5A65AE-F187-46E3-99A7-CB665B2D91D6}
		{D2878BE7-78BD-41B5-B13E-89D166F34CCF} = {38F94E9C-3E28-4131-BCFA-FDDF1CC91359}
	EndGlobalSection
	GlobalSection(ExtensibilityGlobals) = postSolution
		SolutionGuid = {9E29A1A3-7707-4474-AEB9-787E20660E80}
	EndGlobalSection
EndGlobal
